
Microsoft Visual Studio Solution File, Format Version 12.00
# Visual Studio Version 16
VisualStudioVersion = 16.0.29519.87
MinimumVisualStudioVersion = 10.0.40219.1
Project("{FAE04EC0-301F-11D3-BF4B-00C04F79EFBC}") = "CarRentalService", "CarRentalService.csproj", "{BBD384C8-7CF6-4668-96CE-02BE0B099EFC}"
EndProject
Global
	GlobalSection(SolutionConfigurationPlatforms) = preSolution
		Debug|Any CPU = Debug|Any CPU
		Release|Any CPU = Release|Any CPU
	EndGlobalSection
	GlobalSection(ProjectConfigurationPlatforms) = postSolution
		{BBD384C8-7CF6-4668-96CE-02BE0B099EFC}.Debug|Any CPU.ActiveCfg = Debug|Any CPU
		{BBD384C8-7CF6-4668-96CE-02BE0B099EFC}.Debug|Any CPU.Build.0 = Debug|Any CPU
		{BBD384C8-7CF6-4668-96CE-02BE0B099EFC}.Release|Any CPU.ActiveCfg = Release|Any CPU
		{BBD384C8-7CF6-4668-96CE-02BE0B099EFC}.Release|Any CPU.Build.0 = Release|Any CPU
	EndGlobalSection
	GlobalSection(SolutionProperties) = preSolution
		HideSolutionNode = FALSE
	EndGlobalSection
	GlobalSection(ExtensibilityGlobals) = postSolution
		SolutionGuid = {5CC00B03-3304-49D3-BD14-B33912A29615}
	EndGlobalSection
EndGlobal
